{
  "name": "example",
  "version": "0.0.1",
  "lockfileVersion": 1,
  "requires": true,
  "dependencies": {
    "@awtrix/common": {
      "version": "0.1.2",
      "resolved": "https://registry.npmjs.org/@awtrix/common/-/common-0.1.2.tgz",
      "integrity": "sha512-ouv/QA4ZhUDBnGruzf+6v2GQQm8xj8OaA5l7wgaEuFUMt31JWw5KrbUkiG+vU3HDDc4dqZXOF2etqkJEBgr9NA==",
      "requires": {
        "lodash": "^4.17.20"
      }
    },
    "lodash": {
      "version": "4.17.20",
      "resolved": "https://registry.npmjs.org/lodash/-/lodash-4.17.20.tgz",
      "integrity": "sha512-PlhdFcillOINfeV7Ni6oF1TAEayyZBoZ8bcshTHqOYJYlrqzRK5hagpagky5o4HfCzzd1TRkXPMFq6cKk9rGmA=="
    },
    "vue-toastification": {
      "version": "1.7.8",
      "resolved": "https://registry.npmjs.org/vue-toastification/-/vue-toastification-1.7.8.tgz",
      "integrity": "sha512-LGYK29D7Stv7In8ebYJKZu6zYpnzMC5vvhVmlzuiBjpK41OEUYL05Nox1DISUJebS9OgD2HCm3Qb4k4+CbaqSw=="
    }
  }
}
