{
  "name": "octoprint",
  "version": "0.0.1",
  "lockfileVersion": 1,
  "requires": true,
  "dependencies": {
    "@awtrix/common": {
      "version": "0.1.3",
      "resolved": "https://registry.npmjs.org/@awtrix/common/-/common-0.1.3.tgz",
      "integrity": "sha512-FWXhz72lzxCpiMvGLv8lO3eK79DoP/R5zY8bEYnS+yGc5bz4Nb5A3Qb6KiiMSuzJOf+S/ayIYLRIQON1h5R43Q==",
      "requires": {
        "lodash": "^4.17.20"
      }
    },
    "lodash": {
      "version": "4.17.20",
      "resolved": "https://registry.npmjs.org/lodash/-/lodash-4.17.20.tgz",
      "integrity": "sha512-PlhdFcillOINfeV7Ni6oF1TAEayyZBoZ8bcshTHqOYJYlrqzRK5hagpagky5o4HfCzzd1TRkXPMFq6cKk9rGmA=="
    },
    "vuetrend": {
      "version": "0.3.4",
      "resolved": "https://registry.npmjs.org/vuetrend/-/vuetrend-0.3.4.tgz",
      "integrity": "sha512-UaOJhMnkoiRBlGB9k2FX5GqotJyoyYUpyTAjfBiB7K5ESt3KzRoaplfG7j7SAnH4ITk4DjVDC9WB2IX80TVYmQ=="
    }
  }
}
