{
  "name": "awtrix",
  "version": "0.0.1",
  "lockfileVersion": 1,
  "requires": true,
  "dependencies": {
    "yeelight-node": {
      "version": "1.1.4",
      "resolved": "https://registry.npmjs.org/yeelight-node/-/yeelight-node-1.1.4.tgz",
      "integrity": "sha512-3G5ZtfcRO3uFpBUeP4RbB2yzEGe3rA8QIMuAdjrV32DrRm0dbvnquP7rE3vspv90e81gCYAL2AwICffsmqu4Pg=="
    }
  }
}
